
Microsoft Visual Studio Solution File, Format Version 12.00
# Visual Studio Version 17
VisualStudioVersion = 17.4.33205.214
MinimumVisualStudioVersion = 10.0.40219.1
Project("{9A19103F-16F7-4668-BE54-9A1E7A4F7556}") = "EventsApp.Server", "Server\EventsApp.Server.csproj", "{574CB86B-F89E-46EE-AF62-B24FE7242FD4}"
EndProject
Project("{9A19103F-16F7-4668-BE54-9A1E7A4F7556}") = "EventsApp.Client", "Client\EventsApp.Client.csproj", "{C4C7DDD9-1887-4C52-8BCB-93AAF45B5404}"
EndProject
Project("{9A19103F-16F7-4668-BE54-9A1E7A4F7556}") = "EventsApp.Shared", "Shared\EventsApp.Shared.csproj", "{944EDC65-809F-446C-BEBF-05981AC6EDE0}"
EndProject
Project("{9A19103F-16F7-4668-BE54-9A1E7A4F7556}") = "UnitTests", "TestProject\UnitTests.csproj", "{A923BC98-EEE8-4161-9015-C063887265C1}"
	ProjectSection(ProjectDependencies) = postProject
		{574CB86B-F89E-46EE-AF62-B24FE7242FD4} = {574CB86B-F89E-46EE-AF62-B24FE7242FD4}
	EndProjectSection
EndProject
Global
	GlobalSection(SolutionConfigurationPlatforms) = preSolution
		Debug|Any CPU = Debug|Any CPU
		Release|Any CPU = Release|Any CPU
	EndGlobalSection
	GlobalSection(ProjectConfigurationPlatforms) = postSolution
		{574CB86B-F89E-46EE-AF62-B24FE7242FD4}.Debug|Any CPU.ActiveCfg = Debug|Any CPU
		{574CB86B-F89E-46EE-AF62-B24FE7242FD4}.Debug|Any CPU.Build.0 = Debug|Any CPU
		{574CB86B-F89E-46EE-AF62-B24FE7242FD4}.Release|Any CPU.ActiveCfg = Release|Any CPU
		{574CB86B-F89E-46EE-AF62-B24FE7242FD4}.Release|Any CPU.Build.0 = Release|Any CPU
		{C4C7DDD9-1887-4C52-8BCB-93AAF45B5404}.Debug|Any CPU.ActiveCfg = Debug|Any CPU
		{C4C7DDD9-1887-4C52-8BCB-93AAF45B5404}.Debug|Any CPU.Build.0 = Debug|Any CPU
		{C4C7DDD9-1887-4C52-8BCB-93AAF45B5404}.Release|Any CPU.ActiveCfg = Release|Any CPU
		{C4C7DDD9-1887-4C52-8BCB-93AAF45B5404}.Release|Any CPU.Build.0 = Release|Any CPU
		{944EDC65-809F-446C-BEBF-05981AC6EDE0}.Debug|Any CPU.ActiveCfg = Debug|Any CPU
		{944EDC65-809F-446C-BEBF-05981AC6EDE0}.Debug|Any CPU.Build.0 = Debug|Any CPU
		{944EDC65-809F-446C-BEBF-05981AC6EDE0}.Release|Any CPU.ActiveCfg = Release|Any CPU
		{944EDC65-809F-446C-BEBF-05981AC6EDE0}.Release|Any CPU.Build.0 = Release|Any CPU
		{A923BC98-EEE8-4161-9015-C063887265C1}.Debug|Any CPU.ActiveCfg = Debug|Any CPU
		{A923BC98-EEE8-4161-9015-C063887265C1}.Debug|Any CPU.Build.0 = Debug|Any CPU
		{A923BC98-EEE8-4161-9015-C063887265C1}.Release|Any CPU.ActiveCfg = Release|Any CPU
		{A923BC98-EEE8-4161-9015-C063887265C1}.Release|Any CPU.Build.0 = Release|Any CPU
	EndGlobalSection
	GlobalSection(SolutionProperties) = preSolution
		HideSolutionNode = FALSE
	EndGlobalSection
	GlobalSection(ExtensibilityGlobals) = postSolution
		SolutionGuid = {C8C303F5-0995-455F-9A0B-2A965E5E7EC3}
	EndGlobalSection
EndGlobal
